// !$*UTF8*$!
{
	archiveVersion = 1;
	classes = {
	};
	objectVersion = 56;
	objects = {

/* Begin PBXBuildFile section */
		5B73DBA25FADB8B4AB838463 /* Pods_Trending.framework in Frameworks */ = {isa = PBXBuildFile; fileRef = 5CC0E9777493F1C3A78435D1 /* Pods_Trending.framework */; };
		C36017652970893F00E9D2BD /* AppDelegate.swift in Sources */ = {isa = PBXBuildFile; fileRef = C36017642970893F00E9D2BD /* AppDelegate.swift */; };
		C36017672970893F00E9D2BD /* SceneDelegate.swift in Sources */ = {isa = PBXBuildFile; fileRef = C36017662970893F00E9D2BD /* SceneDelegate.swift */; };
		C360176C2970893F00E9D2BD /* Main.storyboard in Resources */ = {isa = PBXBuildFile; fileRef = C360176A2970893F00E9D2BD /* Main.storyboard */; };
		C360176E2970894000E9D2BD /* Assets.xcassets in Resources */ = {isa = PBXBuildFile; fileRef = C360176D2970894000E9D2BD /* Assets.xcassets */; };
		C36017712970894000E9D2BD /* LaunchScreen.storyboard in Resources */ = {isa = PBXBuildFile; fileRef = C360176F2970894000E9D2BD /* LaunchScreen.storyboard */; };
		C360177D2970A1B900E9D2BD /* HomeViewController.swift in Sources */ = {isa = PBXBuildFile; fileRef = C360177C2970A1B900E9D2BD /* HomeViewController.swift */; };
		C36017812970A5F200E9D2BD /* HomeTableViewCell.swift in Sources */ = {isa = PBXBuildFile; fileRef = C36017802970A5F200E9D2BD /* HomeTableViewCell.swift */; };
		C36017832970A67500E9D2BD /* HomeTableViewCell.xib in Resources */ = {isa = PBXBuildFile; fileRef = C36017822970A67500E9D2BD /* HomeTableViewCell.xib */; };
		C3C2A64E2971EC0C00815F09 /* UITableView+Extension.swift in Sources */ = {isa = PBXBuildFile; fileRef = C3C2A64D2971EC0C00815F09 /* UITableView+Extension.swift */; };
		C3C2A6502971ECAF00815F09 /* NetworkManager.swift in Sources */ = {isa = PBXBuildFile; fileRef = C3C2A64F2971ECAF00815F09 /* NetworkManager.swift */; };
		C3C2A6562971ED9900815F09 /* NetworkPath.swift in Sources */ = {isa = PBXBuildFile; fileRef = C3C2A6552971ED9900815F09 /* NetworkPath.swift */; };
		C3C2A65E29741F9200815F09 /* SearchResponse.swift in Sources */ = {isa = PBXBuildFile; fileRef = C3C2A65D29741F9200815F09 /* SearchResponse.swift */; };
		C3C2A661297421AD00815F09 /* retry-and-user-busy.json in Resources */ = {isa = PBXBuildFile; fileRef = C3C2A660297421AD00815F09 /* retry-and-user-busy.json */; };
/* End PBXBuildFile section */

/* Begin PBXFileReference section */
		5CC0E9777493F1C3A78435D1 /* Pods_Trending.framework */ = {isa = PBXFileReference; explicitFileType = wrapper.framework; includeInIndex = 0; path = Pods_Trending.framework; sourceTree = BUILT_PRODUCTS_DIR; };
		6CE2EAD817A4336E5D8AA35E /* Pods-Trending.release.xcconfig */ = {isa = PBXFileReference; includeInIndex = 1; lastKnownFileType = text.xcconfig; name = "Pods-Trending.release.xcconfig"; path = "Target Support Files/Pods-Trending/Pods-Trending.release.xcconfig"; sourceTree = "<group>"; };
		C36017612970893F00E9D2BD /* Trending.app */ = {isa = PBXFileReference; explicitFileType = wrapper.application; includeInIndex = 0; path = Trending.app; sourceTree = BUILT_PRODUCTS_DIR; };
		C36017642970893F00E9D2BD /* AppDelegate.swift */ = {isa = PBXFileReference; lastKnownFileType = sourcecode.swift; path = AppDelegate.swift; sourceTree = "<group>"; };
		C36017662970893F00E9D2BD /* SceneDelegate.swift */ = {isa = PBXFileReference; lastKnownFileType = sourcecode.swift; path = SceneDelegate.swift; sourceTree = "<group>"; };
		C360176B2970893F00E9D2BD /* Base */ = {isa = PBXFileReference; lastKnownFileType = file.storyboard; name = Base; path = Base.lproj/Main.storyboard; sourceTree = "<group>"; };
		C360176D2970894000E9D2BD /* Assets.xcassets */ = {isa = PBXFileReference; lastKnownFileType = folder.assetcatalog; path = Assets.xcassets; sourceTree = "<group>"; };
		C36017702970894000E9D2BD /* Base */ = {isa = PBXFileReference; lastKnownFileType = file.storyboard; name = Base; path = Base.lproj/LaunchScreen.storyboard; sourceTree = "<group>"; };
		C36017722970894000E9D2BD /* Info.plist */ = {isa = PBXFileReference; lastKnownFileType = text.plist.xml; path = Info.plist; sourceTree = "<group>"; };
		C360177C2970A1B900E9D2BD /* HomeViewController.swift */ = {isa = PBXFileReference; lastKnownFileType = sourcecode.swift; path = HomeViewController.swift; sourceTree = "<group>"; };
		C36017802970A5F200E9D2BD /* HomeTableViewCell.swift */ = {isa = PBXFileReference; lastKnownFileType = sourcecode.swift; path = HomeTableViewCell.swift; sourceTree = "<group>"; };
		C36017822970A67500E9D2BD /* HomeTableViewCell.xib */ = {isa = PBXFileReference; lastKnownFileType = file.xib; path = HomeTableViewCell.xib; sourceTree = "<group>"; };
		C3C2A64D2971EC0C00815F09 /* UITableView+Extension.swift */ = {isa = PBXFileReference; lastKnownFileType = sourcecode.swift; path = "UITableView+Extension.swift"; sourceTree = "<group>"; };
		C3C2A64F2971ECAF00815F09 /* NetworkManager.swift */ = {isa = PBXFileReference; lastKnownFileType = sourcecode.swift; path = NetworkManager.swift; sourceTree = "<group>"; };
		C3C2A6552971ED9900815F09 /* NetworkPath.swift */ = {isa = PBXFileReference; lastKnownFileType = sourcecode.swift; path = NetworkPath.swift; sourceTree = "<group>"; };
		C3C2A65D29741F9200815F09 /* SearchResponse.swift */ = {isa = PBXFileReference; lastKnownFileType = sourcecode.swift; path = SearchResponse.swift; sourceTree = "<group>"; };
		C3C2A660297421AD00815F09 /* retry-and-user-busy.json */ = {isa = PBXFileReference; fileEncoding = 4; lastKnownFileType = text.json; path = "retry-and-user-busy.json"; sourceTree = "<group>"; };
		FE703817CE9E7AB01B1E33A9 /* Pods-Trending.debug.xcconfig */ = {isa = PBXFileReference; includeInIndex = 1; lastKnownFileType = text.xcconfig; name = "Pods-Trending.debug.xcconfig"; path = "Target Support Files/Pods-Trending/Pods-Trending.debug.xcconfig"; sourceTree = "<group>"; };
/* End PBXFileReference section */

/* Begin PBXFrameworksBuildPhase section */
		C360175E2970893F00E9D2BD /* Frameworks */ = {
			isa = PBXFrameworksBuildPhase;
			buildActionMask = 2147483647;
			files = (
				5B73DBA25FADB8B4AB838463 /* Pods_Trending.framework in Frameworks */,
			);
			runOnlyForDeploymentPostprocessing = 0;
		};
/* End PBXFrameworksBuildPhase section */

/* Begin PBXGroup section */
		47B9718BE6103199BD9C3C5E /* Frameworks */ = {
			isa = PBXGroup;
			children = (
				5CC0E9777493F1C3A78435D1 /* Pods_Trending.framework */,
			);
			name = Frameworks;
			sourceTree = "<group>";
		};
		5E16A629534C453F8D591EF2 /* Pods */ = {
			isa = PBXGroup;
			children = (
				FE703817CE9E7AB01B1E33A9 /* Pods-Trending.debug.xcconfig */,
				6CE2EAD817A4336E5D8AA35E /* Pods-Trending.release.xcconfig */,
			);
			path = Pods;
			sourceTree = "<group>";
		};
		C36017582970893F00E9D2BD = {
			isa = PBXGroup;
			children = (
				C36017632970893F00E9D2BD /* Trending */,
				C36017622970893F00E9D2BD /* Products */,
				5E16A629534C453F8D591EF2 /* Pods */,
				47B9718BE6103199BD9C3C5E /* Frameworks */,
			);
			sourceTree = "<group>";
		};
		C36017622970893F00E9D2BD /* Products */ = {
			isa = PBXGroup;
			children = (
				C36017612970893F00E9D2BD /* Trending.app */,
			);
			name = Products;
			sourceTree = "<group>";
		};
		C36017632970893F00E9D2BD /* Trending */ = {
			isa = PBXGroup;
			children = (
				C3C2A6542971ED8F00815F09 /* Enums */,
				C3C2A64C2971EBFD00815F09 /* Extensions */,
				C36017782970A11200E9D2BD /* Managers */,
				C3C2A65A29741F7800815F09 /* Models */,
				C360177E2970A4F800E9D2BD /* Views */,
				C360177A2970A12F00E9D2BD /* ViewControllers */,
				C360177B2970A14A00E9D2BD /* Storyboards */,
				C36017792970A11D00E9D2BD /* Resources */,
			);
			path = Trending;
			sourceTree = "<group>";
		};
		C36017782970A11200E9D2BD /* Managers */ = {
			isa = PBXGroup;
			children = (
				C3C2A64F2971ECAF00815F09 /* NetworkManager.swift */,
			);
			path = Managers;
			sourceTree = "<group>";
		};
		C36017792970A11D00E9D2BD /* Resources */ = {
			isa = PBXGroup;
			children = (
				C3C2A65F2974219200815F09 /* Lotties */,
				C36017642970893F00E9D2BD /* AppDelegate.swift */,
				C36017662970893F00E9D2BD /* SceneDelegate.swift */,
				C360176D2970894000E9D2BD /* Assets.xcassets */,
				C36017722970894000E9D2BD /* Info.plist */,
			);
			path = Resources;
			sourceTree = "<group>";
		};
		C360177A2970A12F00E9D2BD /* ViewControllers */ = {
			isa = PBXGroup;
			children = (
				C360177C2970A1B900E9D2BD /* HomeViewController.swift */,
			);
			path = ViewControllers;
			sourceTree = "<group>";
		};
		C360177B2970A14A00E9D2BD /* Storyboards */ = {
			isa = PBXGroup;
			children = (
				C360176A2970893F00E9D2BD /* Main.storyboard */,
				C360176F2970894000E9D2BD /* LaunchScreen.storyboard */,
			);
			path = Storyboards;
			sourceTree = "<group>";
		};
		C360177E2970A4F800E9D2BD /* Views */ = {
			isa = PBXGroup;
			children = (
				C360177F2970A5D500E9D2BD /* TableViewCell */,
			);
			path = Views;
			sourceTree = "<group>";
		};
		C360177F2970A5D500E9D2BD /* TableViewCell */ = {
			isa = PBXGroup;
			children = (
				C36017802970A5F200E9D2BD /* HomeTableViewCell.swift */,
				C36017822970A67500E9D2BD /* HomeTableViewCell.xib */,
			);
			path = TableViewCell;
			sourceTree = "<group>";
		};
		C3C2A64C2971EBFD00815F09 /* Extensions */ = {
			isa = PBXGroup;
			children = (
				C3C2A64D2971EC0C00815F09 /* UITableView+Extension.swift */,
			);
			path = Extensions;
			sourceTree = "<group>";
		};
		C3C2A6542971ED8F00815F09 /* Enums */ = {
			isa = PBXGroup;
			children = (
				C3C2A6552971ED9900815F09 /* NetworkPath.swift */,
			);
			path = Enums;
			sourceTree = "<group>";
		};
		C3C2A65A29741F7800815F09 /* Models */ = {
			isa = PBXGroup;
			children = (
				C3C2A65D29741F9200815F09 /* SearchResponse.swift */,
			);
			path = Models;
			sourceTree = "<group>";
		};
		C3C2A65F2974219200815F09 /* Lotties */ = {
			isa = PBXGroup;
			children = (
				C3C2A660297421AD00815F09 /* retry-and-user-busy.json */,
			);
			path = Lotties;
			sourceTree = "<group>";
		};
/* End PBXGroup section */

/* Begin PBXNativeTarget section */
		C36017602970893F00E9D2BD /* Trending */ = {
			isa = PBXNativeTarget;
			buildConfigurationList = C36017752970894000E9D2BD /* Build configuration list for PBXNativeTarget "Trending" */;
			buildPhases = (
				9A28470BAC4B04C6D2E6014F /* [CP] Check Pods Manifest.lock */,
				C360175D2970893F00E9D2BD /* Sources */,
				C360175E2970893F00E9D2BD /* Frameworks */,
				C360175F2970893F00E9D2BD /* Resources */,
				8F71BC3B3FDA8EB5F600650C /* [CP] Embed Pods Frameworks */,
			);
			buildRules = (
			);
			dependencies = (
			);
			name = Trending;
			productName = Trending;
			productReference = C36017612970893F00E9D2BD /* Trending.app */;
			productType = "com.apple.product-type.application";
		};
/* End PBXNativeTarget section */

/* Begin PBXProject section */
		C36017592970893F00E9D2BD /* Project object */ = {
			isa = PBXProject;
			attributes = {
				BuildIndependentTargetsInParallel = 1;
				LastSwiftUpdateCheck = 1420;
				LastUpgradeCheck = 1420;
				TargetAttributes = {
					C36017602970893F00E9D2BD = {
						CreatedOnToolsVersion = 14.2;
					};
				};
			};
			buildConfigurationList = C360175C2970893F00E9D2BD /* Build configuration list for PBXProject "Trending" */;
			compatibilityVersion = "Xcode 14.0";
			developmentRegion = en;
			hasScannedForEncodings = 0;
			knownRegions = (
				en,
				Base,
			);
			mainGroup = C36017582970893F00E9D2BD;
			productRefGroup = C36017622970893F00E9D2BD /* Products */;
			projectDirPath = "";
			projectRoot = "";
			targets = (
				C36017602970893F00E9D2BD /* Trending */,
			);
		};
/* End PBXProject section */

/* Begin PBXResourcesBuildPhase section */
		C360175F2970893F00E9D2BD /* Resources */ = {
			isa = PBXResourcesBuildPhase;
			buildActionMask = 2147483647;
			files = (
				C3C2A661297421AD00815F09 /* retry-and-user-busy.json in Resources */,
				C36017712970894000E9D2BD /* LaunchScreen.storyboard in Resources */,
				C360176E2970894000E9D2BD /* Assets.xcassets in Resources */,
				C36017832970A67500E9D2BD /* HomeTableViewCell.xib in Resources */,
				C360176C2970893F00E9D2BD /* Main.storyboard in Resources */,
			);
			runOnlyForDeploymentPostprocessing = 0;
		};
/* End PBXResourcesBuildPhase section */

/* Begin PBXShellScriptBuildPhase section */
		8F71BC3B3FDA8EB5F600650C /* [CP] Embed Pods Frameworks */ = {
			isa = PBXShellScriptBuildPhase;
			buildActionMask = 2147483647;
			files = (
			);
			inputFileListPaths = (
				"${PODS_ROOT}/Target Support Files/Pods-Trending/Pods-Trending-frameworks-${CONFIGURATION}-input-files.xcfilelist",
			);
			name = "[CP] Embed Pods Frameworks";
			outputFileListPaths = (
				"${PODS_ROOT}/Target Support Files/Pods-Trending/Pods-Trending-frameworks-${CONFIGURATION}-output-files.xcfilelist",
			);
			runOnlyForDeploymentPostprocessing = 0;
			shellPath = /bin/sh;
			shellScript = "\"${PODS_ROOT}/Target Support Files/Pods-Trending/Pods-Trending-frameworks.sh\"\n";
			showEnvVarsInLog = 0;
		};
		9A28470BAC4B04C6D2E6014F /* [CP] Check Pods Manifest.lock */ = {
			isa = PBXShellScriptBuildPhase;
			buildActionMask = 2147483647;
			files = (
			);
			inputFileListPaths = (
			);
			inputPaths = (
				"${PODS_PODFILE_DIR_PATH}/Podfile.lock",
				"${PODS_ROOT}/Manifest.lock",
			);
			name = "[CP] Check Pods Manifest.lock";
			outputFileListPaths = (
			);
			outputPaths = (
				"$(DERIVED_FILE_DIR)/Pods-Trending-checkManifestLockResult.txt",
			);
			runOnlyForDeploymentPostprocessing = 0;
			shellPath = /bin/sh;
			shellScript = "diff \"${PODS_PODFILE_DIR_PATH}/Podfile.lock\" \"${PODS_ROOT}/Manifest.lock\" > /dev/null\nif [ $? != 0 ] ; then\n    # print error to STDERR\n    echo \"error: The sandbox is not in sync with the Podfile.lock. Run 'pod install' or update your CocoaPods installation.\" >&2\n    exit 1\nfi\n# This output is used by Xcode 'outputs' to avoid re-running this script phase.\necho \"SUCCESS\" > \"${SCRIPT_OUTPUT_FILE_0}\"\n";
			showEnvVarsInLog = 0;
		};
/* End PBXShellScriptBuildPhase section */

/* Begin PBXSourcesBuildPhase section */
		C360175D2970893F00E9D2BD /* Sources */ = {
			isa = PBXSourcesBuildPhase;
			buildActionMask = 2147483647;
			files = (
				C3C2A6502971ECAF00815F09 /* NetworkManager.swift in Sources */,
				C36017652970893F00E9D2BD /* AppDelegate.swift in Sources */,
				C36017672970893F00E9D2BD /* SceneDelegate.swift in Sources */,
				C3C2A64E2971EC0C00815F09 /* UITableView+Extension.swift in Sources */,
				C36017812970A5F200E9D2BD /* HomeTableViewCell.swift in Sources */,
				C360177D2970A1B900E9D2BD /* HomeViewController.swift in Sources */,
				C3C2A6562971ED9900815F09 /* NetworkPath.swift in Sources */,
				C3C2A65E29741F9200815F09 /* SearchResponse.swift in Sources */,
			);
			runOnlyForDeploymentPostprocessing = 0;
		};
/* End PBXSourcesBuildPhase section */

/* Begin PBXVariantGroup section */
		C360176A2970893F00E9D2BD /* Main.storyboard */ = {
			isa = PBXVariantGroup;
			children = (
				C360176B2970893F00E9D2BD /* Base */,
			);
			name = Main.storyboard;
			sourceTree = "<group>";
		};
		C360176F2970894000E9D2BD /* LaunchScreen.storyboard */ = {
			isa = PBXVariantGroup;
			children = (
				C36017702970894000E9D2BD /* Base */,
			);
			name = LaunchScreen.storyboard;
			sourceTree = "<group>";
		};
/* End PBXVariantGroup section */

/* Begin XCBuildConfiguration section */
		C36017732970894000E9D2BD /* Debug */ = {
			isa = XCBuildConfiguration;
			buildSettings = {
				ALWAYS_SEARCH_USER_PATHS = NO;
				CLANG_ANALYZER_NONNULL = YES;
				CLANG_ANALYZER_NUMBER_OBJECT_CONVERSION = YES_AGGRESSIVE;
				CLANG_CXX_LANGUAGE_STANDARD = "gnu++20";
				CLANG_ENABLE_MODULES = YES;
				CLANG_ENABLE_OBJC_ARC = YES;
				CLANG_ENABLE_OBJC_WEAK = YES;
				CLANG_WARN_BLOCK_CAPTURE_AUTORELEASING = YES;
				CLANG_WARN_BOOL_CONVERSION = YES;
				CLANG_WARN_COMMA = YES;
				CLANG_WARN_CONSTANT_CONVERSION = YES;
				CLANG_WARN_DEPRECATED_OBJC_IMPLEMENTATIONS = YES;
				CLANG_WARN_DIRECT_OBJC_ISA_USAGE = YES_ERROR;
				CLANG_WARN_DOCUMENTATION_COMMENTS = YES;
				CLANG_WARN_EMPTY_BODY = YES;
				CLANG_WARN_ENUM_CONVERSION = YES;
				CLANG_WARN_INFINITE_RECURSION = YES;
				CLANG_WARN_INT_CONVERSION = YES;
				CLANG_WARN_NON_LITERAL_NULL_CONVERSION = YES;
				CLANG_WARN_OBJC_IMPLICIT_RETAIN_SELF = YES;
				CLANG_WARN_OBJC_LITERAL_CONVERSION = YES;
				CLANG_WARN_OBJC_ROOT_CLASS = YES_ERROR;
				CLANG_WARN_QUOTED_INCLUDE_IN_FRAMEWORK_HEADER = YES;
				CLANG_WARN_RANGE_LOOP_ANALYSIS = YES;
				CLANG_WARN_STRICT_PROTOTYPES = YES;
				CLANG_WARN_SUSPICIOUS_MOVE = YES;
				CLANG_WARN_UNGUARDED_AVAILABILITY = YES_AGGRESSIVE;
				CLANG_WARN_UNREACHABLE_CODE = YES;
				CLANG_WARN__DUPLICATE_METHOD_MATCH = YES;
				COPY_PHASE_STRIP = NO;
				DEBUG_INFORMATION_FORMAT = dwarf;
				ENABLE_STRICT_OBJC_MSGSEND = YES;
				ENABLE_TESTABILITY = YES;
				GCC_C_LANGUAGE_STANDARD = gnu11;
				GCC_DYNAMIC_NO_PIC = NO;
				GCC_NO_COMMON_BLOCKS = YES;
				GCC_OPTIMIZATION_LEVEL = 0;
				GCC_PREPROCESSOR_DEFINITIONS = (
					"DEBUG=1",
					"$(inherited)",
				);
				GCC_WARN_64_TO_32_BIT_CONVERSION = YES;
				GCC_WARN_ABOUT_RETURN_TYPE = YES_ERROR;
				GCC_WARN_UNDECLARED_SELECTOR = YES;
				GCC_WARN_UNINITIALIZED_AUTOS = YES_AGGRESSIVE;
				GCC_WARN_UNUSED_FUNCTION = YES;
				GCC_WARN_UNUSED_VARIABLE = YES;
				IPHONEOS_DEPLOYMENT_TARGET = 16.2;
				MTL_ENABLE_DEBUG_INFO = INCLUDE_SOURCE;
				MTL_FAST_MATH = YES;
				ONLY_ACTIVE_ARCH = YES;
				SDKROOT = iphoneos;
				SWIFT_ACTIVE_COMPILATION_CONDITIONS = DEBUG;
				SWIFT_OPTIMIZATION_LEVEL = "-Onone";
			};
			name = Debug;
		};
		C36017742970894000E9D2BD /* Release */ = {
			isa = XCBuildConfiguration;
			buildSettings = {
				ALWAYS_SEARCH_USER_PATHS = NO;
				CLANG_ANALYZER_NONNULL = YES;
				CLANG_ANALYZER_NUMBER_OBJECT_CONVERSION = YES_AGGRESSIVE;
				CLANG_CXX_LANGUAGE_STANDARD = "gnu++20";
				CLANG_ENABLE_MODULES = YES;
				CLANG_ENABLE_OBJC_ARC = YES;
				CLANG_ENABLE_OBJC_WEAK = YES;
				CLANG_WARN_BLOCK_CAPTURE_AUTORELEASING = YES;
				CLANG_WARN_BOOL_CONVERSION = YES;
				CLANG_WARN_COMMA = YES;
				CLANG_WARN_CONSTANT_CONVERSION = YES;
				CLANG_WARN_DEPRECATED_OBJC_IMPLEMENTATIONS = YES;
				CLANG_WARN_DIRECT_OBJC_ISA_USAGE = YES_ERROR;
				CLANG_WARN_DOCUMENTATION_COMMENTS = YES;
				CLANG_WARN_EMPTY_BODY = YES;
				CLANG_WARN_ENUM_CONVERSION = YES;
				CLANG_WARN_INFINITE_RECURSION = YES;
				CLANG_WARN_INT_CONVERSION = YES;
				CLANG_WARN_NON_LITERAL_NULL_CONVERSION = YES;
				CLANG_WARN_OBJC_IMPLICIT_RETAIN_SELF = YES;
				CLANG_WARN_OBJC_LITERAL_CONVERSION = YES;
				CLANG_WARN_OBJC_ROOT_CLASS = YES_ERROR;
				CLANG_WARN_QUOTED_INCLUDE_IN_FRAMEWORK_HEADER = YES;
				CLANG_WARN_RANGE_LOOP_ANALYSIS = YES;
				CLANG_WARN_STRICT_PROTOTYPES = YES;
				CLANG_WARN_SUSPICIOUS_MOVE = YES;
				CLANG_WARN_UNGUARDED_AVAILABILITY = YES_AGGRESSIVE;
				CLANG_WARN_UNREACHABLE_CODE = YES;
				CLANG_WARN__DUPLICATE_METHOD_MATCH = YES;
				COPY_PHASE_STRIP = NO;
				DEBUG_INFORMATION_FORMAT = "dwarf-with-dsym";
				ENABLE_NS_ASSERTIONS = NO;
				ENABLE_STRICT_OBJC_MSGSEND = YES;
				GCC_C_LANGUAGE_STANDARD = gnu11;
				GCC_NO_COMMON_BLOCKS = YES;
				GCC_WARN_64_TO_32_BIT_CONVERSION = YES;
				GCC_WARN_ABOUT_RETURN_TYPE = YES_ERROR;
				GCC_WARN_UNDECLARED_SELECTOR = YES;
				GCC_WARN_UNINITIALIZED_AUTOS = YES_AGGRESSIVE;
				GCC_WARN_UNUSED_FUNCTION = YES;
				GCC_WARN_UNUSED_VARIABLE = YES;
				IPHONEOS_DEPLOYMENT_TARGET = 16.2;
				MTL_ENABLE_DEBUG_INFO = NO;
				MTL_FAST_MATH = YES;
				SDKROOT = iphoneos;
				SWIFT_COMPILATION_MODE = wholemodule;
				SWIFT_OPTIMIZATION_LEVEL = "-O";
				VALIDATE_PRODUCT = YES;
			};
			name = Release;
		};
		C36017762970894000E9D2BD /* Debug */ = {
			isa = XCBuildConfiguration;
			baseConfigurationReference = FE703817CE9E7AB01B1E33A9 /* Pods-Trending.debug.xcconfig */;
			buildSettings = {
				ASSETCATALOG_COMPILER_APPICON_NAME = AppIcon;
				ASSETCATALOG_COMPILER_GLOBAL_ACCENT_COLOR_NAME = AccentColor;
				CODE_SIGN_STYLE = Automatic;
				CURRENT_PROJECT_VERSION = 1;
				GENERATE_INFOPLIST_FILE = YES;
				INFOPLIST_FILE = Trending/Resources/Info.plist;
				INFOPLIST_KEY_UIApplicationSupportsIndirectInputEvents = YES;
				INFOPLIST_KEY_UILaunchStoryboardName = LaunchScreen;
				INFOPLIST_KEY_UIMainStoryboardFile = Main;
				INFOPLIST_KEY_UISupportedInterfaceOrientations_iPad = "UIInterfaceOrientationPortrait UIInterfaceOrientationPortraitUpsideDown UIInterfaceOrientationLandscapeLeft UIInterfaceOrientationLandscapeRight";
				INFOPLIST_KEY_UISupportedInterfaceOrientations_iPhone = "UIInterfaceOrientationPortrait UIInterfaceOrientationLandscapeLeft UIInterfaceOrientationLandscapeRight";
				IPHONEOS_DEPLOYMENT_TARGET = 13.0;
				LD_RUNPATH_SEARCH_PATHS = (
					"$(inherited)",
					"@executable_path/Frameworks",
				);
				MARKETING_VERSION = 1.0;
				PRODUCT_BUNDLE_IDENTIFIER = com.ea.Trending;
				PRODUCT_NAME = "$(TARGET_NAME)";
				SWIFT_EMIT_LOC_STRINGS = YES;
				SWIFT_VERSION = 5.0;
				TARGETED_DEVICE_FAMILY = "1,2";
			};
			name = Debug;
		};
		C36017772970894000E9D2BD /* Release */ = {
			isa = XCBuildConfiguration;
			baseConfigurationReference = 6CE2EAD817A4336E5D8AA35E /* Pods-Trending.release.xcconfig */;
			buildSettings = {
				ASSETCATALOG_COMPILER_APPICON_NAME = AppIcon;
				ASSETCATALOG_COMPILER_GLOBAL_ACCENT_COLOR_NAME = AccentColor;
				CODE_SIGN_STYLE = Automatic;
				CURRENT_PROJECT_VERSION = 1;
				GENERATE_INFOPLIST_FILE = YES;
				INFOPLIST_FILE = Trending/Resources/Info.plist;
				INFOPLIST_KEY_UIApplicationSupportsIndirectInputEvents = YES;
				INFOPLIST_KEY_UILaunchStoryboardName = LaunchScreen;
				INFOPLIST_KEY_UIMainStoryboardFile = Main;
				INFOPLIST_KEY_UISupportedInterfaceOrientations_iPad = "UIInterfaceOrientationPortrait UIInterfaceOrientationPortraitUpsideDown UIInterfaceOrientationLandscapeLeft UIInterfaceOrientationLandscapeRight";
				INFOPLIST_KEY_UISupportedInterfaceOrientations_iPhone = "UIInterfaceOrientationPortrait UIInterfaceOrientationLandscapeLeft UIInterfaceOrientationLandscapeRight";
				IPHONEOS_DEPLOYMENT_TARGET = 13.0;
				LD_RUNPATH_SEARCH_PATHS = (
					"$(inherited)",
					"@executable_path/Frameworks",
				);
				MARKETING_VERSION = 1.0;
				PRODUCT_BUNDLE_IDENTIFIER = com.ea.Trending;
				PRODUCT_NAME = "$(TARGET_NAME)";
				SWIFT_EMIT_LOC_STRINGS = YES;
				SWIFT_VERSION = 5.0;
				TARGETED_DEVICE_FAMILY = "1,2";
			};
			name = Release;
		};
/* End XCBuildConfiguration section */

/* Begin XCConfigurationList section */
		C360175C2970893F00E9D2BD /* Build configuration list for PBXProject "Trending" */ = {
			isa = XCConfigurationList;
			buildConfigurations = (
				C36017732970894000E9D2BD /* Debug */,
				C36017742970894000E9D2BD /* Release */,
			);
			defaultConfigurationIsVisible = 0;
			defaultConfigurationName = Release;
		};
		C36017752970894000E9D2BD /* Build configuration list for PBXNativeTarget "Trending" */ = {
			isa = XCConfigurationList;
			buildConfigurations = (
				C36017762970894000E9D2BD /* Debug */,
				C36017772970894000E9D2BD /* Release */,
			);
			defaultConfigurationIsVisible = 0;
			defaultConfigurationName = Release;
		};
/* End XCConfigurationList section */
	};
	rootObject = C36017592970893F00E9D2BD /* Project object */;
}
